# This file is automatically @generated by Cargo.
# It is not intended for manual editing.
version = 3

[[package]]
name = "anyhow"
version = "1.0.47"
source = "registry+https://github.com/rust-lang/crates.io-index"
checksum = "38d9ff5d688f1c13395289f67db01d4826b46dd694e7580accdc3e8430f2d98e"

[[package]]
name = "cradle"
version = "0.2.0"
source = "registry+https://github.com/rust-lang/crates.io-index"
checksum = "9473b661a00f1ceccdba920e10a2c35b7c0a73c11c0b14c4d11d25195141d00d"
dependencies = [
 "rustversion",
]

[[package]]
name = "rustversion"
version = "1.0.5"
source = "registry+https://github.com/rust-lang/crates.io-index"
checksum = "61b3909d758bb75c79f23d4736fac9433868679d3ad2ea7a61e3c25cfda9a088"

[[package]]
name = "sail"
version = "0.1.0"
dependencies = [
 "anyhow",
 "cradle",
]
